
Microsoft Visual Studio Solution File, Format Version 12.00
# Visual Studio Version 16
VisualStudioVersion = 16.0.32106.194
MinimumVisualStudioVersion = 10.0.40219.1
Project("{FAE04EC0-301F-11D3-BF4B-00C04F79EFBC}") = "MK.StordProcedureMVC", "MK.StordProcedureMVC.csproj", "{99BFA0AD-8A95-4C8A-AB26-8C46963AA8EC}"
EndProject
Global
	GlobalSection(SolutionConfigurationPlatforms) = preSolution
		Debug|Any CPU = Debug|Any CPU
		Release|Any CPU = Release|Any CPU
	EndGlobalSection
	GlobalSection(ProjectConfigurationPlatforms) = postSolution
		{99BFA0AD-8A95-4C8A-AB26-8C46963AA8EC}.Debug|Any CPU.ActiveCfg = Debug|Any CPU
		{99BFA0AD-8A95-4C8A-AB26-8C46963AA8EC}.Debug|Any CPU.Build.0 = Debug|Any CPU
		{99BFA0AD-8A95-4C8A-AB26-8C46963AA8EC}.Release|Any CPU.ActiveCfg = Release|Any CPU
		{99BFA0AD-8A95-4C8A-AB26-8C46963AA8EC}.Release|Any CPU.Build.0 = Release|Any CPU
	EndGlobalSection
	GlobalSection(SolutionProperties) = preSolution
		HideSolutionNode = FALSE
	EndGlobalSection
	GlobalSection(ExtensibilityGlobals) = postSolution
		SolutionGuid = {15C9D709-F50F-4A50-9799-599F798BFD8A}
	EndGlobalSection
EndGlobal
